// !$*UTF8*$!
{
	archiveVersion = 1;
	classes = {
	};
	objectVersion = 50;
	objects = {

/* Begin PBXBuildFile section */
		290E0C4A223044210000E7DF /* PeopleCell.swift in Sources */ = {isa = PBXBuildFile; fileRef = 290E0C49223044210000E7DF /* PeopleCell.swift */; };
		290E0C4C223063D90000E7DF /* UsersProfile.storyboard in Resources */ = {isa = PBXBuildFile; fileRef = 290E0C4B223063D90000E7DF /* UsersProfile.storyboard */; };
		290E0C50223065C90000E7DF /* UsersProfileController.swift in Sources */ = {isa = PBXBuildFile; fileRef = 290E0C4F223065C90000E7DF /* UsersProfileController.swift */; };
		29140E3E2202FDCD0060522E /* Discover.storyboard in Resources */ = {isa = PBXBuildFile; fileRef = 29140E3D2202FDCD0060522E /* Discover.storyboard */; };
		29140E42220349000060522E /* DiscoverTableCell.swift in Sources */ = {isa = PBXBuildFile; fileRef = 29140E41220349000060522E /* DiscoverTableCell.swift */; };
		29140E44220352500060522E /* SearchDelegate.swift in Sources */ = {isa = PBXBuildFile; fileRef = 29140E43220352500060522E /* SearchDelegate.swift */; };
		292111C322008B0E00B28DE2 /* CategoryCell.swift in Sources */ = {isa = PBXBuildFile; fileRef = 292111C222008B0E00B28DE2 /* CategoryCell.swift */; };
		292111C522008D3A00B28DE2 /* Category.swift in Sources */ = {isa = PBXBuildFile; fileRef = 292111C422008D3A00B28DE2 /* Category.swift */; };
		2980CBE22208D89200AC2C11 /* PlayerExtension.swift in Sources */ = {isa = PBXBuildFile; fileRef = 2980CBE12208D89200AC2C11 /* PlayerExtension.swift */; };
		2992ACBF223FFFCD00CE5C44 /* DBService.swift in Sources */ = {isa = PBXBuildFile; fileRef = 2992ACBE223FFFCD00CE5C44 /* DBService.swift */; };
		2992ACC2223FFFD900CE5C44 /* CommentExtension.swift in Sources */ = {isa = PBXBuildFile; fileRef = 2992ACC0223FFFD800CE5C44 /* CommentExtension.swift */; };
		2992ACC3223FFFD900CE5C44 /* NSNotification.swift in Sources */ = {isa = PBXBuildFile; fileRef = 2992ACC1223FFFD800CE5C44 /* NSNotification.swift */; };
		2992ACC52240000500CE5C44 /* CommentObj.swift in Sources */ = {isa = PBXBuildFile; fileRef = 2992ACC42240000500CE5C44 /* CommentObj.swift */; };
		29C02397222AEDD100857E1D /* PeopleCell.xib in Resources */ = {isa = PBXBuildFile; fileRef = 29C02396222AEDD100857E1D /* PeopleCell.xib */; };
		29C02399222EBBD500857E1D /* Person.swift in Sources */ = {isa = PBXBuildFile; fileRef = 29C02398222EBBD500857E1D /* Person.swift */; };
		2F3E975422456EA400CBDB13 /* followersMentionCellCVC.swift in Sources */ = {isa = PBXBuildFile; fileRef = 2F3E975322456EA400CBDB13 /* followersMentionCellCVC.swift */; };
		2F9AD7A62223B076000D00BA /* Timeline.storyboard in Resources */ = {isa = PBXBuildFile; fileRef = 2F9AD7A52223B076000D00BA /* Timeline.storyboard */; };
		2F9AD7A822245331000D00BA /* TimelineViewController.swift in Sources */ = {isa = PBXBuildFile; fileRef = 2F9AD7A722245331000D00BA /* TimelineViewController.swift */; };
		2F9AD7AA22245638000D00BA /* TimelineTVC.swift in Sources */ = {isa = PBXBuildFile; fileRef = 2F9AD7A922245638000D00BA /* TimelineTVC.swift */; };
		2F9AD7AC22245EF1000D00BA /* Post.swift in Sources */ = {isa = PBXBuildFile; fileRef = 2F9AD7AB22245EF1000D00BA /* Post.swift */; };
		2FC15E982201F4A600DF1FD4 /* BookmarkController.swift in Sources */ = {isa = PBXBuildFile; fileRef = 2FC15E972201F4A600DF1FD4 /* BookmarkController.swift */; };
		2FD789C62200E4D7006A47FE /* APIService.swift in Sources */ = {isa = PBXBuildFile; fileRef = 2FD789C52200E4D7006A47FE /* APIService.swift */; };
		2FD789C82200E4EF006A47FE /* PlayerDetailsViewController.swift in Sources */ = {isa = PBXBuildFile; fileRef = 2FD789C72200E4EE006A47FE /* PlayerDetailsViewController.swift */; };
		2FE5C9992201FAEF00FCEE4E /* BookmarkCell.swift in Sources */ = {isa = PBXBuildFile; fileRef = 2FE5C9982201FAEF00FCEE4E /* BookmarkCell.swift */; };
		2FF0D74622175C7700F40025 /* playlistCellAddingCVC.swift in Sources */ = {isa = PBXBuildFile; fileRef = 2FF0D74522175C7700F40025 /* playlistCellAddingCVC.swift */; };
		3701CEDE220D294000684E18 /* MYAudioTapProcessor.m in Sources */ = {isa = PBXBuildFile; fileRef = 3701CEDB220D293F00684E18 /* MYAudioTapProcessor.m */; };
		372023AE220373A300D0C555 /* PlaylistCell.swift in Sources */ = {isa = PBXBuildFile; fileRef = 372023AD220373A300D0C555 /* PlaylistCell.swift */; };
		372023B0220374E900D0C555 /* addEpisodeToPlaylist.swift in Sources */ = {isa = PBXBuildFile; fileRef = 372023AF220374E900D0C555 /* addEpisodeToPlaylist.swift */; };
		3723A1F521A9C66400D5FAE9 /* EpisodeCell.swift in Sources */ = {isa = PBXBuildFile; fileRef = 3723A1F321A9C66400D5FAE9 /* EpisodeCell.swift */; };
		3723A1F921A9CDD100D5FAE9 /* String.swift in Sources */ = {isa = PBXBuildFile; fileRef = 3723A1F821A9CDD100D5FAE9 /* String.swift */; };
		3723A1FB21A9D18400D5FAE9 /* RSSFeed.swift in Sources */ = {isa = PBXBuildFile; fileRef = 3723A1FA21A9D18400D5FAE9 /* RSSFeed.swift */; };
		3723A20521AB373A00D5FAE9 /* CMTime.swift in Sources */ = {isa = PBXBuildFile; fileRef = 3723A20421AB373A00D5FAE9 /* CMTime.swift */; };
		375DD44C2201ECA700C2D698 /* CreatePlaylistController.swift in Sources */ = {isa = PBXBuildFile; fileRef = 375DD44B2201ECA700C2D698 /* CreatePlaylistController.swift */; };
		375DD44E2201ED8C00C2D698 /* PlaylistsCell.swift in Sources */ = {isa = PBXBuildFile; fileRef = 375DD44D2201ED8C00C2D698 /* PlaylistsCell.swift */; };
		375DD4502201F27D00C2D698 /* Playlist.swift in Sources */ = {isa = PBXBuildFile; fileRef = 375DD44F2201F27D00C2D698 /* Playlist.swift */; };
		500607FD222715DF00C6F720 /* UIImage.swift in Sources */ = {isa = PBXBuildFile; fileRef = 500607FC222715DF00C6F720 /* UIImage.swift */; };
		50092B9C22109BA800A05D06 /* ChannelController.swift in Sources */ = {isa = PBXBuildFile; fileRef = 50092B9B22109BA800A05D06 /* ChannelController.swift */; };
		5018A44B21FF7DCF007EE027 /* Subscription.storyboard in Resources */ = {isa = PBXBuildFile; fileRef = 5018A44421FF7DCF007EE027 /* Subscription.storyboard */; };
		5018A44F21FF7DCF007EE027 /* DownloadEpisodeCell.swift in Sources */ = {isa = PBXBuildFile; fileRef = 5018A44821FF7DCF007EE027 /* DownloadEpisodeCell.swift */; };
		5018A45021FF7DCF007EE027 /* UserDefaults.swift in Sources */ = {isa = PBXBuildFile; fileRef = 5018A44921FF7DCF007EE027 /* UserDefaults.swift */; };
		502484B021FCED3D00CA84F1 /* EditProfileViewController.swift in Sources */ = {isa = PBXBuildFile; fileRef = 502484AF21FCED3D00CA84F1 /* EditProfileViewController.swift */; };
		5036E73921EFC0D100FA5E12 /* ChannelHeaderView.swift in Sources */ = {isa = PBXBuildFile; fileRef = 5036E73821EFC0D100FA5E12 /* ChannelHeaderView.swift */; };
		5036E73B21F080E000FA5E12 /* ChennelTableViewCell.swift in Sources */ = {isa = PBXBuildFile; fileRef = 5036E73A21F080E000FA5E12 /* ChennelTableViewCell.swift */; };
		50420F7321A013140030CDB4 /* GoogleService-Info.plist in Resources */ = {isa = PBXBuildFile; fileRef = 50420F7221A013140030CDB4 /* GoogleService-Info.plist */; };
		50420F7721A083F80030CDB4 /* EntryViewController.swift in Sources */ = {isa = PBXBuildFile; fileRef = 50420F7621A083F80030CDB4 /* EntryViewController.swift */; };
		50420F7921A089170030CDB4 /* SignUpViewController.swift in Sources */ = {isa = PBXBuildFile; fileRef = 50420F7821A089170030CDB4 /* SignUpViewController.swift */; };
		50420F7B21A1113E0030CDB4 /* HilperExt.swift in Sources */ = {isa = PBXBuildFile; fileRef = 50420F7A21A1113E0030CDB4 /* HilperExt.swift */; };
		50420F9F21A122040030CDB4 /* RoundedWhiteButton.swift in Sources */ = {isa = PBXBuildFile; fileRef = 50420F9E21A122040030CDB4 /* RoundedWhiteButton.swift */; };
		50420FA221A12AF30030CDB4 /* SignInViewController.swift in Sources */ = {isa = PBXBuildFile; fileRef = 50420FA121A12AF30030CDB4 /* SignInViewController.swift */; };
		50533FE321EFA59E00D50698 /* Channel.storyboard in Resources */ = {isa = PBXBuildFile; fileRef = 50533FE221EFA59E00D50698 /* Channel.storyboard */; };
		505B6C2821F5C74F002E392D /* Comment.swift in Sources */ = {isa = PBXBuildFile; fileRef = 505B6C2421F5C74F002E392D /* Comment.swift */; };
		505B6C2A21F5C74F002E392D /* EpisodeViewController.swift in Sources */ = {isa = PBXBuildFile; fileRef = 505B6C2621F5C74F002E392D /* EpisodeViewController.swift */; };
		505B6C2B21F5C74F002E392D /* Episode.storyboard in Resources */ = {isa = PBXBuildFile; fileRef = 505B6C2721F5C74F002E392D /* Episode.storyboard */; };
		505B6C3121F6571E002E392D /* TimeMarkCell.swift in Sources */ = {isa = PBXBuildFile; fileRef = 505B6C2E21F6571E002E392D /* TimeMarkCell.swift */; };
		505B6C3421F66A03002E392D /* Player.storyboard in Resources */ = {isa = PBXBuildFile; fileRef = 505B6C3321F66A03002E392D /* Player.storyboard */; };
		505B6C3F21FA06D9002E392D /* Profile.storyboard in Resources */ = {isa = PBXBuildFile; fileRef = 505B6C3E21FA06D9002E392D /* Profile.storyboard */; };
		505B6C4121FA09D3002E392D /* ProfileViewController.swift in Sources */ = {isa = PBXBuildFile; fileRef = 505B6C4021FA09D3002E392D /* ProfileViewController.swift */; };
		506217DA21FB26C20003F99F /* ProfileView.swift in Sources */ = {isa = PBXBuildFile; fileRef = 506217D921FB26C20003F99F /* ProfileView.swift */; };
		5082A5E122478C0F00FE3EE1 /* DownloadEpisodes.swift in Sources */ = {isa = PBXBuildFile; fileRef = 5082A5E022478C0F00FE3EE1 /* DownloadEpisodes.swift */; };
		5082A5E322479B8100FE3EE1 /* MentionController.swift in Sources */ = {isa = PBXBuildFile; fileRef = 5082A5E222479B8100FE3EE1 /* MentionController.swift */; };
		5092F02E2206EEDE00B3F376 /* ResetPassViewController.swift in Sources */ = {isa = PBXBuildFile; fileRef = 5092F02D2206EEDE00B3F376 /* ResetPassViewController.swift */; };
		50A43E5D221809560074B70A /* SubscriptionsViewController.swift in Sources */ = {isa = PBXBuildFile; fileRef = 50A43E5C221809560074B70A /* SubscriptionsViewController.swift */; };
		8FC75C842223B83000F07375 /* AudioToolbox.framework in Frameworks */ = {isa = PBXBuildFile; fileRef = 8FC75C832223B83000F07375 /* AudioToolbox.framework */; };
		9C44940753D94BD0785C9298 /* Pods_Podcast.framework in Frameworks */ = {isa = PBXBuildFile; fileRef = 96503F0C3DF9B89F68700CAB /* Pods_Podcast.framework */; };
		FA1AEC8E219414BD000B0882 /* PodcastCell.xib in Resources */ = {isa = PBXBuildFile; fileRef = FA1AEC8D219414BD000B0882 /* PodcastCell.xib */; };
		FA397ED72195E66D00D33617 /* SearchResults.swift in Sources */ = {isa = PBXBuildFile; fileRef = FA397ED62195E66D00D33617 /* SearchResults.swift */; };
		FA397ED92195E68E00D33617 /* Episode.swift in Sources */ = {isa = PBXBuildFile; fileRef = FA397ED82195E68E00D33617 /* Episode.swift */; };
		FA49932A218DCD3E0021CFA3 /* PodcastSearchController.swift in Sources */ = {isa = PBXBuildFile; fileRef = FA499329218DCD3D0021CFA3 /* PodcastSearchController.swift */; };
		FA49932D218DD04F0021CFA3 /* Podcast.swift in Sources */ = {isa = PBXBuildFile; fileRef = FA49932C218DD04F0021CFA3 /* Podcast.swift */; };
		FA8F8F422194D4CA00301EF6 /* PodcastCell.swift in Sources */ = {isa = PBXBuildFile; fileRef = FA8F8F412194D4CA00301EF6 /* PodcastCell.swift */; };
		FAFF82ED218CEB6400882A6A /* AppDelegate.swift in Sources */ = {isa = PBXBuildFile; fileRef = FAFF82EC218CEB6400882A6A /* AppDelegate.swift */; };
		FAFF82EF218CEB6400882A6A /* ViewController.swift in Sources */ = {isa = PBXBuildFile; fileRef = FAFF82EE218CEB6400882A6A /* ViewController.swift */; };
		FAFF82F2218CEB6400882A6A /* Main.storyboard in Resources */ = {isa = PBXBuildFile; fileRef = FAFF82F0218CEB6400882A6A /* Main.storyboard */; };
		FAFF82F7218CEB6C00882A6A /* Assets.xcassets in Resources */ = {isa = PBXBuildFile; fileRef = FAFF82F6218CEB6C00882A6A /* Assets.xcassets */; };
		FAFF82FA218CEB6C00882A6A /* LaunchScreen.storyboard in Resources */ = {isa = PBXBuildFile; fileRef = FAFF82F8218CEB6C00882A6A /* LaunchScreen.storyboard */; };
		FAFF831E218CEC4300882A6A /* MainTabController.swift in Sources */ = {isa = PBXBuildFile; fileRef = FAFF831D218CEC4300882A6A /* MainTabController.swift */; };
/* End PBXBuildFile section */

/* Begin PBXContainerItemProxy section */
		FAFF8301218CEB6D00882A6A /* PBXContainerItemProxy */ = {
			isa = PBXContainerItemProxy;
			containerPortal = FAFF82E1218CEB6400882A6A /* Project object */;
			proxyType = 1;
			remoteGlobalIDString = FAFF82E8218CEB6400882A6A;
			remoteInfo = Podcast;
		};
		FAFF830C218CEB6D00882A6A /* PBXContainerItemProxy */ = {
			isa = PBXContainerItemProxy;
			containerPortal = FAFF82E1218CEB6400882A6A /* Project object */;
			proxyType = 1;
			remoteGlobalIDString = FAFF82E8218CEB6400882A6A;
			remoteInfo = Podcast;
		};
/* End PBXContainerItemProxy section */

/* Begin PBXFileReference section */
		290E0C49223044210000E7DF /* PeopleCell.swift */ = {isa = PBXFileReference; lastKnownFileType = sourcecode.swift; path = PeopleCell.swift; sourceTree = "<group>"; };
		290E0C4B223063D90000E7DF /* UsersProfile.storyboard */ = {isa = PBXFileReference; lastKnownFileType = file.storyboard; path = UsersProfile.storyboard; sourceTree = "<group>"; };
		290E0C4F223065C90000E7DF /* UsersProfileController.swift */ = {isa = PBXFileReference; lastKnownFileType = sourcecode.swift; path = UsersProfileController.swift; sourceTree = "<group>"; };
		29140E3D2202FDCD0060522E /* Discover.storyboard */ = {isa = PBXFileReference; lastKnownFileType = file.storyboard; path = Discover.storyboard; sourceTree = "<group>"; };
		29140E41220349000060522E /* DiscoverTableCell.swift */ = {isa = PBXFileReference; lastKnownFileType = sourcecode.swift; path = DiscoverTableCell.swift; sourceTree = "<group>"; };
		29140E43220352500060522E /* SearchDelegate.swift */ = {isa = PBXFileReference; lastKnownFileType = sourcecode.swift; path = SearchDelegate.swift; sourceTree = "<group>"; };
		292111C222008B0E00B28DE2 /* CategoryCell.swift */ = {isa = PBXFileReference; lastKnownFileType = sourcecode.swift; path = CategoryCell.swift; sourceTree = "<group>"; };
		292111C422008D3A00B28DE2 /* Category.swift */ = {isa = PBXFileReference; lastKnownFileType = sourcecode.swift; path = Category.swift; sourceTree = "<group>"; };
		2980CBE12208D89200AC2C11 /* PlayerExtension.swift */ = {isa = PBXFileReference; lastKnownFileType = sourcecode.swift; path = PlayerExtension.swift; sourceTree = "<group>"; };
		2992ACBE223FFFCD00CE5C44 /* DBService.swift */ = {isa = PBXFileReference; fileEncoding = 4; lastKnownFileType = sourcecode.swift; path = DBService.swift; sourceTree = "<group>"; };
		2992ACC0223FFFD800CE5C44 /* CommentExtension.swift */ = {isa = PBXFileReference; fileEncoding = 4; lastKnownFileType = sourcecode.swift; path = CommentExtension.swift; sourceTree = "<group>"; };
		2992ACC1223FFFD800CE5C44 /* NSNotification.swift */ = {isa = PBXFileReference; fileEncoding = 4; lastKnownFileType = sourcecode.swift; path = NSNotification.swift; sourceTree = "<group>"; };
		2992ACC42240000500CE5C44 /* CommentObj.swift */ = {isa = PBXFileReference; fileEncoding = 4; lastKnownFileType = sourcecode.swift; path = CommentObj.swift; sourceTree = "<group>"; };
		29C02396222AEDD100857E1D /* PeopleCell.xib */ = {isa = PBXFileReference; lastKnownFileType = file.xib; path = PeopleCell.xib; sourceTree = "<group>"; };
		29C02398222EBBD500857E1D /* Person.swift */ = {isa = PBXFileReference; lastKnownFileType = sourcecode.swift; path = Person.swift; sourceTree = "<group>"; };
		2F3E975322456EA400CBDB13 /* followersMentionCellCVC.swift */ = {isa = PBXFileReference; lastKnownFileType = sourcecode.swift; path = followersMentionCellCVC.swift; sourceTree = "<group>"; };
		2F9AD7A52223B076000D00BA /* Timeline.storyboard */ = {isa = PBXFileReference; lastKnownFileType = file.storyboard; path = Timeline.storyboard; sourceTree = "<group>"; };
		2F9AD7A722245331000D00BA /* TimelineViewController.swift */ = {isa = PBXFileReference; lastKnownFileType = sourcecode.swift; path = TimelineViewController.swift; sourceTree = "<group>"; };
		2F9AD7A922245638000D00BA /* TimelineTVC.swift */ = {isa = PBXFileReference; lastKnownFileType = sourcecode.swift; path = TimelineTVC.swift; sourceTree = "<group>"; };
		2F9AD7AB22245EF1000D00BA /* Post.swift */ = {isa = PBXFileReference; lastKnownFileType = sourcecode.swift; path = Post.swift; sourceTree = "<group>"; };
		2FC15E972201F4A600DF1FD4 /* BookmarkController.swift */ = {isa = PBXFileReference; lastKnownFileType = sourcecode.swift; path = BookmarkController.swift; sourceTree = "<group>"; };
		2FD789C52200E4D7006A47FE /* APIService.swift */ = {isa = PBXFileReference; fileEncoding = 4; lastKnownFileType = sourcecode.swift; path = APIService.swift; sourceTree = "<group>"; };
		2FD789C72200E4EE006A47FE /* PlayerDetailsViewController.swift */ = {isa = PBXFileReference; fileEncoding = 4; lastKnownFileType = sourcecode.swift; path = PlayerDetailsViewController.swift; sourceTree = "<group>"; };
		2FD789C92200E643006A47FE /* Bookmark.storyboard */ = {isa = PBXFileReference; lastKnownFileType = file.storyboard; path = Bookmark.storyboard; sourceTree = "<group>"; };
		2FE5C9982201FAEF00FCEE4E /* BookmarkCell.swift */ = {isa = PBXFileReference; lastKnownFileType = sourcecode.swift; path = BookmarkCell.swift; sourceTree = "<group>"; };
		2FF0D74522175C7700F40025 /* playlistCellAddingCVC.swift */ = {isa = PBXFileReference; lastKnownFileType = sourcecode.swift; path = playlistCellAddingCVC.swift; sourceTree = "<group>"; };
		3701CEDB220D293F00684E18 /* MYAudioTapProcessor.m */ = {isa = PBXFileReference; fileEncoding = 4; lastKnownFileType = sourcecode.c.objc; path = MYAudioTapProcessor.m; sourceTree = "<group>"; };
		3701CEDC220D294000684E18 /* Podcast-Bridging-Header.h */ = {isa = PBXFileReference; fileEncoding = 4; lastKnownFileType = sourcecode.c.h; path = "Podcast-Bridging-Header.h"; sourceTree = "<group>"; };
		3701CEDD220D294000684E18 /* MYAudioTapProcessor.h */ = {isa = PBXFileReference; fileEncoding = 4; lastKnownFileType = sourcecode.c.h; path = MYAudioTapProcessor.h; sourceTree = "<group>"; };
		372023AD220373A300D0C555 /* PlaylistCell.swift */ = {isa = PBXFileReference; lastKnownFileType = sourcecode.swift; path = PlaylistCell.swift; sourceTree = "<group>"; };
		372023AF220374E900D0C555 /* addEpisodeToPlaylist.swift */ = {isa = PBXFileReference; lastKnownFileType = sourcecode.swift; path = addEpisodeToPlaylist.swift; sourceTree = "<group>"; };
		3723A1D421A9967000D5FAE9 /* Podcast.app */ = {isa = PBXFileReference; explicitFileType = wrapper.application; includeInIndex = 0; path = Podcast.app; sourceTree = BUILT_PRODUCTS_DIR; };
		3723A1D521A9967000D5FAE9 /* PodcastTests.xctest */ = {isa = PBXFileReference; explicitFileType = wrapper.cfbundle; includeInIndex = 0; path = PodcastTests.xctest; sourceTree = BUILT_PRODUCTS_DIR; };
		3723A1D621A9967000D5FAE9 /* PodcastUITests.xctest */ = {isa = PBXFileReference; explicitFileType = wrapper.cfbundle; includeInIndex = 0; path = PodcastUITests.xctest; sourceTree = BUILT_PRODUCTS_DIR; };
		3723A1F321A9C66400D5FAE9 /* EpisodeCell.swift */ = {isa = PBXFileReference; lastKnownFileType = sourcecode.swift; path = EpisodeCell.swift; sourceTree = "<group>"; };
		3723A1F821A9CDD100D5FAE9 /* String.swift */ = {isa = PBXFileReference; lastKnownFileType = sourcecode.swift; path = String.swift; sourceTree = "<group>"; };
		3723A1FA21A9D18400D5FAE9 /* RSSFeed.swift */ = {isa = PBXFileReference; lastKnownFileType = sourcecode.swift; path = RSSFeed.swift; sourceTree = "<group>"; };
		3723A20421AB373A00D5FAE9 /* CMTime.swift */ = {isa = PBXFileReference; lastKnownFileType = sourcecode.swift; path = CMTime.swift; sourceTree = "<group>"; };
		375DD44B2201ECA700C2D698 /* CreatePlaylistController.swift */ = {isa = PBXFileReference; lastKnownFileType = sourcecode.swift; path = CreatePlaylistController.swift; sourceTree = "<group>"; };
		375DD44D2201ED8C00C2D698 /* PlaylistsCell.swift */ = {isa = PBXFileReference; lastKnownFileType = sourcecode.swift; path = PlaylistsCell.swift; sourceTree = "<group>"; };
		375DD44F2201F27D00C2D698 /* Playlist.swift */ = {isa = PBXFileReference; lastKnownFileType = sourcecode.swift; path = Playlist.swift; sourceTree = "<group>"; };
		500607FC222715DF00C6F720 /* UIImage.swift */ = {isa = PBXFileReference; lastKnownFileType = sourcecode.swift; path = UIImage.swift; sourceTree = "<group>"; };
		50092B9B22109BA800A05D06 /* ChannelController.swift */ = {isa = PBXFileReference; fileEncoding = 4; lastKnownFileType = sourcecode.swift; path = ChannelController.swift; sourceTree = "<group>"; };
		5018A44421FF7DCF007EE027 /* Subscription.storyboard */ = {isa = PBXFileReference; fileEncoding = 4; lastKnownFileType = file.storyboard; path = Subscription.storyboard; sourceTree = "<group>"; };
		5018A44821FF7DCF007EE027 /* DownloadEpisodeCell.swift */ = {isa = PBXFileReference; fileEncoding = 4; lastKnownFileType = sourcecode.swift; path = DownloadEpisodeCell.swift; sourceTree = "<group>"; };
		5018A44921FF7DCF007EE027 /* UserDefaults.swift */ = {isa = PBXFileReference; fileEncoding = 4; lastKnownFileType = sourcecode.swift; path = UserDefaults.swift; sourceTree = "<group>"; };
		502484AF21FCED3D00CA84F1 /* EditProfileViewController.swift */ = {isa = PBXFileReference; lastKnownFileType = sourcecode.swift; path = EditProfileViewController.swift; sourceTree = "<group>"; };
		5036E73821EFC0D100FA5E12 /* ChannelHeaderView.swift */ = {isa = PBXFileReference; lastKnownFileType = sourcecode.swift; path = ChannelHeaderView.swift; sourceTree = "<group>"; };
		5036E73A21F080E000FA5E12 /* ChennelTableViewCell.swift */ = {isa = PBXFileReference; lastKnownFileType = sourcecode.swift; path = ChennelTableViewCell.swift; sourceTree = "<group>"; };
		50420F7221A013140030CDB4 /* GoogleService-Info.plist */ = {isa = PBXFileReference; fileEncoding = 4; lastKnownFileType = text.plist.xml; name = "GoogleService-Info.plist"; path = "Controllers/GoogleService-Info.plist"; sourceTree = "<group>"; };
		50420F7621A083F80030CDB4 /* EntryViewController.swift */ = {isa = PBXFileReference; lastKnownFileType = sourcecode.swift; path = EntryViewController.swift; sourceTree = "<group>"; };
		50420F7821A089170030CDB4 /* SignUpViewController.swift */ = {isa = PBXFileReference; lastKnownFileType = sourcecode.swift; path = SignUpViewController.swift; sourceTree = "<group>"; };
		50420F7A21A1113E0030CDB4 /* HilperExt.swift */ = {isa = PBXFileReference; lastKnownFileType = sourcecode.swift; path = HilperExt.swift; sourceTree = "<group>"; };
		50420F9E21A122040030CDB4 /* RoundedWhiteButton.swift */ = {isa = PBXFileReference; lastKnownFileType = sourcecode.swift; path = RoundedWhiteButton.swift; sourceTree = "<group>"; };
		50420FA121A12AF30030CDB4 /* SignInViewController.swift */ = {isa = PBXFileReference; lastKnownFileType = sourcecode.swift; path = SignInViewController.swift; sourceTree = "<group>"; };
		50533FE221EFA59E00D50698 /* Channel.storyboard */ = {isa = PBXFileReference; lastKnownFileType = file.storyboard; path = Channel.storyboard; sourceTree = "<group>"; };
		505B6C2421F5C74F002E392D /* Comment.swift */ = {isa = PBXFileReference; fileEncoding = 4; lastKnownFileType = sourcecode.swift; path = Comment.swift; sourceTree = "<group>"; };
		505B6C2621F5C74F002E392D /* EpisodeViewController.swift */ = {isa = PBXFileReference; fileEncoding = 4; lastKnownFileType = sourcecode.swift; path = EpisodeViewController.swift; sourceTree = "<group>"; };
		505B6C2721F5C74F002E392D /* Episode.storyboard */ = {isa = PBXFileReference; fileEncoding = 4; lastKnownFileType = file.storyboard; path = Episode.storyboard; sourceTree = "<group>"; };
		505B6C2E21F6571E002E392D /* TimeMarkCell.swift */ = {isa = PBXFileReference; fileEncoding = 4; lastKnownFileType = sourcecode.swift; path = TimeMarkCell.swift; sourceTree = "<group>"; };
		505B6C3321F66A03002E392D /* Player.storyboard */ = {isa = PBXFileReference; fileEncoding = 4; lastKnownFileType = file.storyboard; path = Player.storyboard; sourceTree = "<group>"; };
		505B6C3E21FA06D9002E392D /* Profile.storyboard */ = {isa = PBXFileReference; fileEncoding = 4; lastKnownFileType = file.storyboard; path = Profile.storyboard; sourceTree = "<group>"; };
		505B6C4021FA09D3002E392D /* ProfileViewController.swift */ = {isa = PBXFileReference; lastKnownFileType = sourcecode.swift; path = ProfileViewController.swift; sourceTree = "<group>"; };
		506217D921FB26C20003F99F /* ProfileView.swift */ = {isa = PBXFileReference; lastKnownFileType = sourcecode.swift; path = ProfileView.swift; sourceTree = "<group>"; };
		5082A5E022478C0F00FE3EE1 /* DownloadEpisodes.swift */ = {isa = PBXFileReference; lastKnownFileType = sourcecode.swift; path = DownloadEpisodes.swift; sourceTree = "<group>"; };
		5082A5E222479B8100FE3EE1 /* MentionController.swift */ = {isa = PBXFileReference; lastKnownFileType = sourcecode.swift; path = MentionController.swift; sourceTree = "<group>"; };
		5092F02D2206EEDE00B3F376 /* ResetPassViewController.swift */ = {isa = PBXFileReference; lastKnownFileType = sourcecode.swift; path = ResetPassViewController.swift; sourceTree = "<group>"; };
		50A43E5C221809560074B70A /* SubscriptionsViewController.swift */ = {isa = PBXFileReference; lastKnownFileType = sourcecode.swift; path = SubscriptionsViewController.swift; sourceTree = "<group>"; };
		6847BD8DB3712F94D9BA0552 /* Pods-Podcast.debug.xcconfig */ = {isa = PBXFileReference; includeInIndex = 1; lastKnownFileType = text.xcconfig; name = "Pods-Podcast.debug.xcconfig"; path = "Pods/Target Support Files/Pods-Podcast/Pods-Podcast.debug.xcconfig"; sourceTree = "<group>"; };
		8FC75C832223B83000F07375 /* AudioToolbox.framework */ = {isa = PBXFileReference; lastKnownFileType = wrapper.framework; name = AudioToolbox.framework; path = System/Library/Frameworks/AudioToolbox.framework; sourceTree = SDKROOT; };
		8FC75C852223B83000F07375 /* Podcast.entitlements */ = {isa = PBXFileReference; lastKnownFileType = text.plist.entitlements; path = Podcast.entitlements; sourceTree = "<group>"; };
		9190023BC87AACCDD01077AB /* Pods_PodcastUITests.framework */ = {isa = PBXFileReference; explicitFileType = wrapper.framework; includeInIndex = 0; path = Pods_PodcastUITests.framework; sourceTree = BUILT_PRODUCTS_DIR; };
		96503F0C3DF9B89F68700CAB /* Pods_Podcast.framework */ = {isa = PBXFileReference; explicitFileType = wrapper.framework; includeInIndex = 0; path = Pods_Podcast.framework; sourceTree = BUILT_PRODUCTS_DIR; };
		CF9AB54079E0B319EAB460DF /* Pods-Podcast.release.xcconfig */ = {isa = PBXFileReference; includeInIndex = 1; lastKnownFileType = text.xcconfig; name = "Pods-Podcast.release.xcconfig"; path = "Pods/Target Support Files/Pods-Podcast/Pods-Podcast.release.xcconfig"; sourceTree = "<group>"; };
		DAB8A7A7632E63EB4EA43316 /* Pods_PodcastTests.framework */ = {isa = PBXFileReference; explicitFileType = wrapper.framework; includeInIndex = 0; path = Pods_PodcastTests.framework; sourceTree = BUILT_PRODUCTS_DIR; };
		FA1AEC8D219414BD000B0882 /* PodcastCell.xib */ = {isa = PBXFileReference; lastKnownFileType = file.xib; path = PodcastCell.xib; sourceTree = "<group>"; };
		FA397ED62195E66D00D33617 /* SearchResults.swift */ = {isa = PBXFileReference; lastKnownFileType = sourcecode.swift; path = SearchResults.swift; sourceTree = "<group>"; };
		FA397ED82195E68E00D33617 /* Episode.swift */ = {isa = PBXFileReference; lastKnownFileType = sourcecode.swift; path = Episode.swift; sourceTree = "<group>"; };
		FA499329218DCD3D0021CFA3 /* PodcastSearchController.swift */ = {isa = PBXFileReference; lastKnownFileType = sourcecode.swift; path = PodcastSearchController.swift; sourceTree = "<group>"; };
		FA49932C218DD04F0021CFA3 /* Podcast.swift */ = {isa = PBXFileReference; lastKnownFileType = sourcecode.swift; path = Podcast.swift; sourceTree = "<group>"; };
		FA8F8F412194D4CA00301EF6 /* PodcastCell.swift */ = {isa = PBXFileReference; lastKnownFileType = sourcecode.swift; path = PodcastCell.swift; sourceTree = "<group>"; };
		FAFF82EC218CEB6400882A6A /* AppDelegate.swift */ = {isa = PBXFileReference; lastKnownFileType = sourcecode.swift; path = AppDelegate.swift; sourceTree = "<group>"; };
		FAFF82EE218CEB6400882A6A /* ViewController.swift */ = {isa = PBXFileReference; lastKnownFileType = sourcecode.swift; path = ViewController.swift; sourceTree = "<group>"; };
		FAFF82F1218CEB6400882A6A /* Base */ = {isa = PBXFileReference; lastKnownFileType = file.storyboard; name = Base; path = Base.lproj/Main.storyboard; sourceTree = "<group>"; };
		FAFF82F6218CEB6C00882A6A /* Assets.xcassets */ = {isa = PBXFileReference; lastKnownFileType = folder.assetcatalog; path = Assets.xcassets; sourceTree = "<group>"; };
		FAFF82F9218CEB6C00882A6A /* Base */ = {isa = PBXFileReference; lastKnownFileType = file.storyboard; name = Base; path = Base.lproj/LaunchScreen.storyboard; sourceTree = "<group>"; };
		FAFF82FB218CEB6C00882A6A /* Info.plist */ = {isa = PBXFileReference; lastKnownFileType = text.plist.xml; path = Info.plist; sourceTree = "<group>"; };
		FAFF831D218CEC4300882A6A /* MainTabController.swift */ = {isa = PBXFileReference; lastKnownFileType = sourcecode.swift; path = MainTabController.swift; sourceTree = "<group>"; };
/* End PBXFileReference section */

/* Begin PBXFrameworksBuildPhase section */
		FAFF82E6218CEB6400882A6A /* Frameworks */ = {
			isa = PBXFrameworksBuildPhase;
			buildActionMask = 2147483647;
			files = (
				9C44940753D94BD0785C9298 /* Pods_Podcast.framework in Frameworks */,
				8FC75C842223B83000F07375 /* AudioToolbox.framework in Frameworks */,
			);
			runOnlyForDeploymentPostprocessing = 0;
		};
		FAFF82FD218CEB6D00882A6A /* Frameworks */ = {
			isa = PBXFrameworksBuildPhase;
			buildActionMask = 2147483647;
			files = (
			);
			runOnlyForDeploymentPostprocessing = 0;
		};
		FAFF8308218CEB6D00882A6A /* Frameworks */ = {
			isa = PBXFrameworksBuildPhase;
			buildActionMask = 2147483647;
			files = (
			);
			runOnlyForDeploymentPostprocessing = 0;
		};
/* End PBXFrameworksBuildPhase section */

/* Begin PBXGroup section */
		2751A1839D3F986606B951A6 /* Pods */ = {
			isa = PBXGroup;
			children = (
				6847BD8DB3712F94D9BA0552 /* Pods-Podcast.debug.xcconfig */,
				CF9AB54079E0B319EAB460DF /* Pods-Podcast.release.xcconfig */,
			);
			name = Pods;
			sourceTree = "<group>";
		};
		50420F7C21A1114E0030CDB4 /* Extensions */ = {
			isa = PBXGroup;
			children = (
				2992ACC0223FFFD800CE5C44 /* CommentExtension.swift */,
				2992ACC1223FFFD800CE5C44 /* NSNotification.swift */,
				3701CEDD220D294000684E18 /* MYAudioTapProcessor.h */,
				3701CEDB220D293F00684E18 /* MYAudioTapProcessor.m */,
				3701CEDC220D294000684E18 /* Podcast-Bridging-Header.h */,
				5018A44921FF7DCF007EE027 /* UserDefaults.swift */,
				50420F7A21A1113E0030CDB4 /* HilperExt.swift */,
				3723A1F821A9CDD100D5FAE9 /* String.swift */,
				3723A1FA21A9D18400D5FAE9 /* RSSFeed.swift */,
				3723A20421AB373A00D5FAE9 /* CMTime.swift */,
				29140E43220352500060522E /* SearchDelegate.swift */,
				2980CBE12208D89200AC2C11 /* PlayerExtension.swift */,
				500607FC222715DF00C6F720 /* UIImage.swift */,
			);
			path = Extensions;
			sourceTree = "<group>";
		};
		50420FA021A1229C0030CDB4 /* Assets */ = {
			isa = PBXGroup;
			children = (
				FAFF82F6218CEB6C00882A6A /* Assets.xcassets */,
			);
			path = Assets;
			sourceTree = "<group>";
		};
		50533FDD21EFA3F500D50698 /* StoryBoard */ = {
			isa = PBXGroup;
			children = (
				5018A44421FF7DCF007EE027 /* Subscription.storyboard */,
				505B6C3E21FA06D9002E392D /* Profile.storyboard */,
				505B6C3321F66A03002E392D /* Player.storyboard */,
				FAFF82F0218CEB6400882A6A /* Main.storyboard */,
				50533FE221EFA59E00D50698 /* Channel.storyboard */,
				505B6C2721F5C74F002E392D /* Episode.storyboard */,
				2FD789C92200E643006A47FE /* Bookmark.storyboard */,
				29140E3D2202FDCD0060522E /* Discover.storyboard */,
				2F9AD7A52223B076000D00BA /* Timeline.storyboard */,
				290E0C4B223063D90000E7DF /* UsersProfile.storyboard */,
			);
			path = StoryBoard;
			sourceTree = "<group>";
		};
		50B99E38725A014450D57A4E /* Frameworks */ = {
			isa = PBXGroup;
			children = (
				8FC75C832223B83000F07375 /* AudioToolbox.framework */,
				96503F0C3DF9B89F68700CAB /* Pods_Podcast.framework */,
				DAB8A7A7632E63EB4EA43316 /* Pods_PodcastTests.framework */,
				9190023BC87AACCDD01077AB /* Pods_PodcastUITests.framework */,
			);
			name = Frameworks;
			sourceTree = "<group>";
		};
		FA1AEC8821940F92000B0882 /* Views */ = {
			isa = PBXGroup;
			children = (
				2FE5C9982201FAEF00FCEE4E /* BookmarkCell.swift */,
				292111C222008B0E00B28DE2 /* CategoryCell.swift */,
				5036E73821EFC0D100FA5E12 /* ChannelHeaderView.swift */,
				5036E73A21F080E000FA5E12 /* ChennelTableViewCell.swift */,
				505B6C2421F5C74F002E392D /* Comment.swift */,
				29140E41220349000060522E /* DiscoverTableCell.swift */,
				5018A44821FF7DCF007EE027 /* DownloadEpisodeCell.swift */,
				3723A1F321A9C66400D5FAE9 /* EpisodeCell.swift */,
				290E0C49223044210000E7DF /* PeopleCell.swift */,
				29C02396222AEDD100857E1D /* PeopleCell.xib */,
				372023AD220373A300D0C555 /* PlaylistCell.swift */,
				2FF0D74522175C7700F40025 /* playlistCellAddingCVC.swift */,
				375DD44D2201ED8C00C2D698 /* PlaylistsCell.swift */,
				FA8F8F412194D4CA00301EF6 /* PodcastCell.swift */,
				FA1AEC8D219414BD000B0882 /* PodcastCell.xib */,
				506217D921FB26C20003F99F /* ProfileView.swift */,
				50420F9E21A122040030CDB4 /* RoundedWhiteButton.swift */,
				2F9AD7A922245638000D00BA /* TimelineTVC.swift */,
				505B6C2E21F6571E002E392D /* TimeMarkCell.swift */,
				2F3E975322456EA400CBDB13 /* followersMentionCellCVC.swift */,
			);
			path = Views;
			sourceTree = "<group>";
		};
		FA499328218DCD0D0021CFA3 /* Controllers */ = {
			isa = PBXGroup;
			children = (
				5082A5E222479B8100FE3EE1 /* MentionController.swift */,
				5082A5E022478C0F00FE3EE1 /* DownloadEpisodes.swift */,
				505B6C2621F5C74F002E392D /* EpisodeViewController.swift */,
				2FC15E972201F4A600DF1FD4 /* BookmarkController.swift */,
				50A43E5C221809560074B70A /* SubscriptionsViewController.swift */,
				50092B9B22109BA800A05D06 /* ChannelController.swift */,
				372023AF220374E900D0C555 /* addEpisodeToPlaylist.swift */,
				375DD44B2201ECA700C2D698 /* CreatePlaylistController.swift */,
				502484AF21FCED3D00CA84F1 /* EditProfileViewController.swift */,
				50420F7621A083F80030CDB4 /* EntryViewController.swift */,
				FAFF831D218CEC4300882A6A /* MainTabController.swift */,
				2FD789C72200E4EE006A47FE /* PlayerDetailsViewController.swift */,
				FA499329218DCD3D0021CFA3 /* PodcastSearchController.swift */,
				505B6C4021FA09D3002E392D /* ProfileViewController.swift */,
				5092F02D2206EEDE00B3F376 /* ResetPassViewController.swift */,
				50420FA121A12AF30030CDB4 /* SignInViewController.swift */,
				50420F7821A089170030CDB4 /* SignUpViewController.swift */,
				2F9AD7A722245331000D00BA /* TimelineViewController.swift */,
				290E0C4F223065C90000E7DF /* UsersProfileController.swift */,
				FAFF82EE218CEB6400882A6A /* ViewController.swift */,
			);
			path = Controllers;
			sourceTree = "<group>";
		};
		FA49932B218DD0330021CFA3 /* Models */ = {
			isa = PBXGroup;
			children = (
				2992ACC42240000500CE5C44 /* CommentObj.swift */,
				FA49932C218DD04F0021CFA3 /* Podcast.swift */,
				FA397ED62195E66D00D33617 /* SearchResults.swift */,
				FA397ED82195E68E00D33617 /* Episode.swift */,
				375DD44F2201F27D00C2D698 /* Playlist.swift */,
				292111C422008D3A00B28DE2 /* Category.swift */,
				2F9AD7AB22245EF1000D00BA /* Post.swift */,
				29C02398222EBBD500857E1D /* Person.swift */,
			);
			path = Models;
			sourceTree = "<group>";
		};
		FA49932E218E2BF30021CFA3 /* APIs */ = {
			isa = PBXGroup;
			children = (
				2992ACBE223FFFCD00CE5C44 /* DBService.swift */,
				2FD789C52200E4D7006A47FE /* APIService.swift */,
			);
			path = APIs;
			sourceTree = "<group>";
		};
		FAFF82E0218CEB6400882A6A = {
			isa = PBXGroup;
			children = (
				FAFF82EB218CEB6400882A6A /* Podcast */,
				2751A1839D3F986606B951A6 /* Pods */,
				50B99E38725A014450D57A4E /* Frameworks */,
				3723A1D421A9967000D5FAE9 /* Podcast.app */,
				3723A1D521A9967000D5FAE9 /* PodcastTests.xctest */,
				3723A1D621A9967000D5FAE9 /* PodcastUITests.xctest */,
			);
			sourceTree = "<group>";
		};
		FAFF82EB218CEB6400882A6A /* Podcast */ = {
			isa = PBXGroup;
			children = (
				8FC75C852223B83000F07375 /* Podcast.entitlements */,
				50533FDD21EFA3F500D50698 /* StoryBoard */,
				50420FA021A1229C0030CDB4 /* Assets */,
				50420F7C21A1114E0030CDB4 /* Extensions */,
				FA49932E218E2BF30021CFA3 /* APIs */,
				FA49932B218DD0330021CFA3 /* Models */,
				FA1AEC8821940F92000B0882 /* Views */,
				FA499328218DCD0D0021CFA3 /* Controllers */,
				FAFF82EC218CEB6400882A6A /* AppDelegate.swift */,
				FAFF82F8218CEB6C00882A6A /* LaunchScreen.storyboard */,
				FAFF82FB218CEB6C00882A6A /* Info.plist */,
				50420F7221A013140030CDB4 /* GoogleService-Info.plist */,
			);
			path = Podcast;
			sourceTree = "<group>";
		};
/* End PBXGroup section */

/* Begin PBXNativeTarget section */
		FAFF82E8218CEB6400882A6A /* Podcast */ = {
			isa = PBXNativeTarget;
			buildConfigurationList = FAFF8314218CEB6D00882A6A /* Build configuration list for PBXNativeTarget "Podcast" */;
			buildPhases = (
				F6B23A841E5CD2B417D2ECBE /* [CP] Check Pods Manifest.lock */,
				FAFF82E5218CEB6400882A6A /* Sources */,
				FAFF82E6218CEB6400882A6A /* Frameworks */,
				FAFF82E7218CEB6400882A6A /* Resources */,
				50FA32CE9C9358BE8A795FF3 /* [CP] Embed Pods Frameworks */,
			);
			buildRules = (
			);
			dependencies = (
			);
			name = Podcast;
			productName = Podcast;
			productReference = 3723A1D421A9967000D5FAE9 /* Podcast.app */;
			productType = "com.apple.product-type.application";
		};
		FAFF82FF218CEB6D00882A6A /* PodcastTests */ = {
			isa = PBXNativeTarget;
			buildConfigurationList = FAFF8317218CEB6D00882A6A /* Build configuration list for PBXNativeTarget "PodcastTests" */;
			buildPhases = (
				FAFF82FC218CEB6D00882A6A /* Sources */,
				FAFF82FD218CEB6D00882A6A /* Frameworks */,
				FAFF82FE218CEB6D00882A6A /* Resources */,
			);
			buildRules = (
			);
			dependencies = (
				FAFF8302218CEB6D00882A6A /* PBXTargetDependency */,
			);
			name = PodcastTests;
			productName = PodcastTests;
			productReference = 3723A1D521A9967000D5FAE9 /* PodcastTests.xctest */;
			productType = "com.apple.product-type.bundle.unit-test";
		};
		FAFF830A218CEB6D00882A6A /* PodcastUITests */ = {
			isa = PBXNativeTarget;
			buildConfigurationList = FAFF831A218CEB6D00882A6A /* Build configuration list for PBXNativeTarget "PodcastUITests" */;
			buildPhases = (
				FAFF8307218CEB6D00882A6A /* Sources */,
				FAFF8308218CEB6D00882A6A /* Frameworks */,
				FAFF8309218CEB6D00882A6A /* Resources */,
			);
			buildRules = (
			);
			dependencies = (
				FAFF830D218CEB6D00882A6A /* PBXTargetDependency */,
			);
			name = PodcastUITests;
			productName = PodcastUITests;
			productReference = 3723A1D621A9967000D5FAE9 /* PodcastUITests.xctest */;
			productType = "com.apple.product-type.bundle.ui-testing";
		};
/* End PBXNativeTarget section */

/* Begin PBXProject section */
		FAFF82E1218CEB6400882A6A /* Project object */ = {
			isa = PBXProject;
			attributes = {
				LastSwiftUpdateCheck = 1010;
				LastUpgradeCheck = 1010;
				ORGANIZATIONNAME = MacBook;
				TargetAttributes = {
					FAFF82E8218CEB6400882A6A = {
						CreatedOnToolsVersion = 10.1;
						LastSwiftMigration = 1010;
						SystemCapabilities = {
							com.apple.BackgroundModes = {
								enabled = 1;
							};
							com.apple.HomeKit = {
								enabled = 0;
							};
							com.apple.InterAppAudio = {
								enabled = 1;
							};
						};
					};
					FAFF82FF218CEB6D00882A6A = {
						CreatedOnToolsVersion = 10.1;
						TestTargetID = FAFF82E8218CEB6400882A6A;
					};
					FAFF830A218CEB6D00882A6A = {
						CreatedOnToolsVersion = 10.1;
						TestTargetID = FAFF82E8218CEB6400882A6A;
					};
				};
			};
			buildConfigurationList = FAFF82E4218CEB6400882A6A /* Build configuration list for PBXProject "Podcast" */;
			compatibilityVersion = "Xcode 9.3";
			developmentRegion = en;
			hasScannedForEncodings = 0;
			knownRegions = (
				en,
				Base,
			);
			mainGroup = FAFF82E0218CEB6400882A6A;
			productRefGroup = FAFF82E0218CEB6400882A6A;
			projectDirPath = "";
			projectRoot = "";
			targets = (
				FAFF82E8218CEB6400882A6A /* Podcast */,
				FAFF82FF218CEB6D00882A6A /* PodcastTests */,
				FAFF830A218CEB6D00882A6A /* PodcastUITests */,
			);
		};
/* End PBXProject section */

/* Begin PBXResourcesBuildPhase section */
		FAFF82E7218CEB6400882A6A /* Resources */ = {
			isa = PBXResourcesBuildPhase;
			buildActionMask = 2147483647;
			files = (
				505B6C2B21F5C74F002E392D /* Episode.storyboard in Resources */,
				29C02397222AEDD100857E1D /* PeopleCell.xib in Resources */,
				2F9AD7A62223B076000D00BA /* Timeline.storyboard in Resources */,
				5018A44B21FF7DCF007EE027 /* Subscription.storyboard in Resources */,
				FAFF82FA218CEB6C00882A6A /* LaunchScreen.storyboard in Resources */,
				FAFF82F7218CEB6C00882A6A /* Assets.xcassets in Resources */,
				50420F7321A013140030CDB4 /* GoogleService-Info.plist in Resources */,
				290E0C4C223063D90000E7DF /* UsersProfile.storyboard in Resources */,
				29140E3E2202FDCD0060522E /* Discover.storyboard in Resources */,
				50533FE321EFA59E00D50698 /* Channel.storyboard in Resources */,
				505B6C3421F66A03002E392D /* Player.storyboard in Resources */,
				505B6C3F21FA06D9002E392D /* Profile.storyboard in Resources */,
				FA1AEC8E219414BD000B0882 /* PodcastCell.xib in Resources */,
				FAFF82F2218CEB6400882A6A /* Main.storyboard in Resources */,
			);
			runOnlyForDeploymentPostprocessing = 0;
		};
		FAFF82FE218CEB6D00882A6A /* Resources */ = {
			isa = PBXResourcesBuildPhase;
			buildActionMask = 2147483647;
			files = (
			);
			runOnlyForDeploymentPostprocessing = 0;
		};
		FAFF8309218CEB6D00882A6A /* Resources */ = {
			isa = PBXResourcesBuildPhase;
			buildActionMask = 2147483647;
			files = (
			);
			runOnlyForDeploymentPostprocessing = 0;
		};
/* End PBXResourcesBuildPhase section */

/* Begin PBXShellScriptBuildPhase section */
		50FA32CE9C9358BE8A795FF3 /* [CP] Embed Pods Frameworks */ = {
			isa = PBXShellScriptBuildPhase;
			buildActionMask = 2147483647;
			files = (
			);
			inputPaths = (
				"${PODS_ROOT}/Target Support Files/Pods-Podcast/Pods-Podcast-frameworks.sh",
				"${BUILT_PRODUCTS_DIR}/ACBAVPlayer/ACBAVPlayer.framework",
				"${BUILT_PRODUCTS_DIR}/Alamofire/Alamofire.framework",
				"${BUILT_PRODUCTS_DIR}/BoringSSL-GRPC/openssl_grpc.framework",
				"${BUILT_PRODUCTS_DIR}/FeedKit/FeedKit.framework",
				"${BUILT_PRODUCTS_DIR}/GTMSessionFetcher/GTMSessionFetcher.framework",
				"${BUILT_PRODUCTS_DIR}/GoogleUtilities/GoogleUtilities.framework",
				"${BUILT_PRODUCTS_DIR}/Protobuf/Protobuf.framework",
				"${BUILT_PRODUCTS_DIR}/SDWebImage/SDWebImage.framework",
				"${BUILT_PRODUCTS_DIR}/gRPC/GRPCClient.framework",
				"${BUILT_PRODUCTS_DIR}/gRPC-C++/grpcpp.framework",
				"${BUILT_PRODUCTS_DIR}/gRPC-Core/grpc.framework",
				"${BUILT_PRODUCTS_DIR}/gRPC-ProtoRPC/ProtoRPC.framework",
				"${BUILT_PRODUCTS_DIR}/gRPC-RxLibrary/RxLibrary.framework",
				"${BUILT_PRODUCTS_DIR}/leveldb-library/leveldb.framework",
				"${BUILT_PRODUCTS_DIR}/nanopb/nanopb.framework",
			);
			name = "[CP] Embed Pods Frameworks";
			outputPaths = (
				"${TARGET_BUILD_DIR}/${FRAMEWORKS_FOLDER_PATH}/ACBAVPlayer.framework",
				"${TARGET_BUILD_DIR}/${FRAMEWORKS_FOLDER_PATH}/Alamofire.framework",
				"${TARGET_BUILD_DIR}/${FRAMEWORKS_FOLDER_PATH}/openssl_grpc.framework",
				"${TARGET_BUILD_DIR}/${FRAMEWORKS_FOLDER_PATH}/FeedKit.framework",
				"${TARGET_BUILD_DIR}/${FRAMEWORKS_FOLDER_PATH}/GTMSessionFetcher.framework",
				"${TARGET_BUILD_DIR}/${FRAMEWORKS_FOLDER_PATH}/GoogleUtilities.framework",
				"${TARGET_BUILD_DIR}/${FRAMEWORKS_FOLDER_PATH}/Protobuf.framework",
				"${TARGET_BUILD_DIR}/${FRAMEWORKS_FOLDER_PATH}/SDWebImage.framework",
				"${TARGET_BUILD_DIR}/${FRAMEWORKS_FOLDER_PATH}/GRPCClient.framework",
				"${TARGET_BUILD_DIR}/${FRAMEWORKS_FOLDER_PATH}/grpcpp.framework",
				"${TARGET_BUILD_DIR}/${FRAMEWORKS_FOLDER_PATH}/grpc.framework",
				"${TARGET_BUILD_DIR}/${FRAMEWORKS_FOLDER_PATH}/ProtoRPC.framework",
				"${TARGET_BUILD_DIR}/${FRAMEWORKS_FOLDER_PATH}/RxLibrary.framework",
				"${TARGET_BUILD_DIR}/${FRAMEWORKS_FOLDER_PATH}/leveldb.framework",
				"${TARGET_BUILD_DIR}/${FRAMEWORKS_FOLDER_PATH}/nanopb.framework",
			);
			runOnlyForDeploymentPostprocessing = 0;
			shellPath = /bin/sh;
			shellScript = "\"${PODS_ROOT}/Target Support Files/Pods-Podcast/Pods-Podcast-frameworks.sh\"\n";
			showEnvVarsInLog = 0;
		};
		F6B23A841E5CD2B417D2ECBE /* [CP] Check Pods Manifest.lock */ = {
			isa = PBXShellScriptBuildPhase;
			buildActionMask = 2147483647;
			files = (
			);
			inputPaths = (
				"${PODS_PODFILE_DIR_PATH}/Podfile.lock",
				"${PODS_ROOT}/Manifest.lock",
			);
			name = "[CP] Check Pods Manifest.lock";
			outputPaths = (
				"$(DERIVED_FILE_DIR)/Pods-Podcast-checkManifestLockResult.txt",
			);
			runOnlyForDeploymentPostprocessing = 0;
			shellPath = /bin/sh;
			shellScript = "diff \"${PODS_PODFILE_DIR_PATH}/Podfile.lock\" \"${PODS_ROOT}/Manifest.lock\" > /dev/null\nif [ $? != 0 ] ; then\n    # print error to STDERR\n    echo \"error: The sandbox is not in sync with the Podfile.lock. Run 'pod install' or update your CocoaPods installation.\" >&2\n    exit 1\nfi\n# This output is used by Xcode 'outputs' to avoid re-running this script phase.\necho \"SUCCESS\" > \"${SCRIPT_OUTPUT_FILE_0}\"\n";
			showEnvVarsInLog = 0;
		};
/* End PBXShellScriptBuildPhase section */

/* Begin PBXSourcesBuildPhase section */
		FAFF82E5218CEB6400882A6A /* Sources */ = {
			isa = PBXSourcesBuildPhase;
			buildActionMask = 2147483647;
			files = (
				502484B021FCED3D00CA84F1 /* EditProfileViewController.swift in Sources */,
				FA49932A218DCD3E0021CFA3 /* PodcastSearchController.swift in Sources */,
				29140E44220352500060522E /* SearchDelegate.swift in Sources */,
				2F3E975422456EA400CBDB13 /* followersMentionCellCVC.swift in Sources */,
				FA397ED72195E66D00D33617 /* SearchResults.swift in Sources */,
				2992ACC3223FFFD900CE5C44 /* NSNotification.swift in Sources */,
				2992ACBF223FFFCD00CE5C44 /* DBService.swift in Sources */,
				2FD789C62200E4D7006A47FE /* APIService.swift in Sources */,
				505B6C2A21F5C74F002E392D /* EpisodeViewController.swift in Sources */,
				2992ACC52240000500CE5C44 /* CommentObj.swift in Sources */,
				5082A5E122478C0F00FE3EE1 /* DownloadEpisodes.swift in Sources */,
				FA8F8F422194D4CA00301EF6 /* PodcastCell.swift in Sources */,
				5036E73B21F080E000FA5E12 /* ChennelTableViewCell.swift in Sources */,
				2F9AD7A822245331000D00BA /* TimelineViewController.swift in Sources */,
				505B6C4121FA09D3002E392D /* ProfileViewController.swift in Sources */,
				2FD789C82200E4EF006A47FE /* PlayerDetailsViewController.swift in Sources */,
				5092F02E2206EEDE00B3F376 /* ResetPassViewController.swift in Sources */,
				292111C522008D3A00B28DE2 /* Category.swift in Sources */,
				3723A1F521A9C66400D5FAE9 /* EpisodeCell.swift in Sources */,
				500607FD222715DF00C6F720 /* UIImage.swift in Sources */,
				290E0C4A223044210000E7DF /* PeopleCell.swift in Sources */,
				372023AE220373A300D0C555 /* PlaylistCell.swift in Sources */,
				505B6C3121F6571E002E392D /* TimeMarkCell.swift in Sources */,
				2FF0D74622175C7700F40025 /* playlistCellAddingCVC.swift in Sources */,
				FA397ED92195E68E00D33617 /* Episode.swift in Sources */,
				3701CEDE220D294000684E18 /* MYAudioTapProcessor.m in Sources */,
				506217DA21FB26C20003F99F /* ProfileView.swift in Sources */,
				2FE5C9992201FAEF00FCEE4E /* BookmarkCell.swift in Sources */,
				2FC15E982201F4A600DF1FD4 /* BookmarkController.swift in Sources */,
				2980CBE22208D89200AC2C11 /* PlayerExtension.swift in Sources */,
				50420F7921A089170030CDB4 /* SignUpViewController.swift in Sources */,
				375DD44C2201ECA700C2D698 /* CreatePlaylistController.swift in Sources */,
				505B6C2821F5C74F002E392D /* Comment.swift in Sources */,
				372023B0220374E900D0C555 /* addEpisodeToPlaylist.swift in Sources */,
				50420F7B21A1113E0030CDB4 /* HilperExt.swift in Sources */,
				50092B9C22109BA800A05D06 /* ChannelController.swift in Sources */,
				50420FA221A12AF30030CDB4 /* SignInViewController.swift in Sources */,
				50420F7721A083F80030CDB4 /* EntryViewController.swift in Sources */,
				FAFF82EF218CEB6400882A6A /* ViewController.swift in Sources */,
				5018A45021FF7DCF007EE027 /* UserDefaults.swift in Sources */,
				5036E73921EFC0D100FA5E12 /* ChannelHeaderView.swift in Sources */,
				375DD4502201F27D00C2D698 /* Playlist.swift in Sources */,
				29140E42220349000060522E /* DiscoverTableCell.swift in Sources */,
				3723A1FB21A9D18400D5FAE9 /* RSSFeed.swift in Sources */,
				FA49932D218DD04F0021CFA3 /* Podcast.swift in Sources */,
				5018A44F21FF7DCF007EE027 /* DownloadEpisodeCell.swift in Sources */,
				FAFF82ED218CEB6400882A6A /* AppDelegate.swift in Sources */,
				29C02399222EBBD500857E1D /* Person.swift in Sources */,
				3723A1F921A9CDD100D5FAE9 /* String.swift in Sources */,
				2F9AD7AC22245EF1000D00BA /* Post.swift in Sources */,
				2F9AD7AA22245638000D00BA /* TimelineTVC.swift in Sources */,
				50A43E5D221809560074B70A /* SubscriptionsViewController.swift in Sources */,
				2992ACC2223FFFD900CE5C44 /* CommentExtension.swift in Sources */,
				FAFF831E218CEC4300882A6A /* MainTabController.swift in Sources */,
				375DD44E2201ED8C00C2D698 /* PlaylistsCell.swift in Sources */,
				3723A20521AB373A00D5FAE9 /* CMTime.swift in Sources */,
				290E0C50223065C90000E7DF /* UsersProfileController.swift in Sources */,
				50420F9F21A122040030CDB4 /* RoundedWhiteButton.swift in Sources */,
				5082A5E322479B8100FE3EE1 /* MentionController.swift in Sources */,
				292111C322008B0E00B28DE2 /* CategoryCell.swift in Sources */,
			);
			runOnlyForDeploymentPostprocessing = 0;
		};
		FAFF82FC218CEB6D00882A6A /* Sources */ = {
			isa = PBXSourcesBuildPhase;
			buildActionMask = 2147483647;
			files = (
			);
			runOnlyForDeploymentPostprocessing = 0;
		};
		FAFF8307218CEB6D00882A6A /* Sources */ = {
			isa = PBXSourcesBuildPhase;
			buildActionMask = 2147483647;
			files = (
			);
			runOnlyForDeploymentPostprocessing = 0;
		};
/* End PBXSourcesBuildPhase section */

/* Begin PBXTargetDependency section */
		FAFF8302218CEB6D00882A6A /* PBXTargetDependency */ = {
			isa = PBXTargetDependency;
			target = FAFF82E8218CEB6400882A6A /* Podcast */;
			targetProxy = FAFF8301218CEB6D00882A6A /* PBXContainerItemProxy */;
		};
		FAFF830D218CEB6D00882A6A /* PBXTargetDependency */ = {
			isa = PBXTargetDependency;
			target = FAFF82E8218CEB6400882A6A /* Podcast */;
			targetProxy = FAFF830C218CEB6D00882A6A /* PBXContainerItemProxy */;
		};
/* End PBXTargetDependency section */

/* Begin PBXVariantGroup section */
		FAFF82F0218CEB6400882A6A /* Main.storyboard */ = {
			isa = PBXVariantGroup;
			children = (
				FAFF82F1218CEB6400882A6A /* Base */,
			);
			name = Main.storyboard;
			sourceTree = "<group>";
		};
		FAFF82F8218CEB6C00882A6A /* LaunchScreen.storyboard */ = {
			isa = PBXVariantGroup;
			children = (
				FAFF82F9218CEB6C00882A6A /* Base */,
			);
			name = LaunchScreen.storyboard;
			sourceTree = "<group>";
		};
/* End PBXVariantGroup section */

/* Begin XCBuildConfiguration section */
		FAFF8312218CEB6D00882A6A /* Debug */ = {
			isa = XCBuildConfiguration;
			buildSettings = {
				ALWAYS_SEARCH_USER_PATHS = NO;
				CLANG_ANALYZER_NONNULL = YES;
				CLANG_ANALYZER_NUMBER_OBJECT_CONVERSION = YES_AGGRESSIVE;
				CLANG_CXX_LANGUAGE_STANDARD = "gnu++14";
				CLANG_CXX_LIBRARY = "libc++";
				CLANG_ENABLE_MODULES = YES;
				CLANG_ENABLE_OBJC_ARC = YES;
				CLANG_ENABLE_OBJC_WEAK = YES;
				CLANG_WARN_BLOCK_CAPTURE_AUTORELEASING = YES;
				CLANG_WARN_BOOL_CONVERSION = YES;
				CLANG_WARN_COMMA = YES;
				CLANG_WARN_CONSTANT_CONVERSION = YES;
				CLANG_WARN_DEPRECATED_OBJC_IMPLEMENTATIONS = YES;
				CLANG_WARN_DIRECT_OBJC_ISA_USAGE = YES_ERROR;
				CLANG_WARN_DOCUMENTATION_COMMENTS = YES;
				CLANG_WARN_EMPTY_BODY = YES;
				CLANG_WARN_ENUM_CONVERSION = YES;
				CLANG_WARN_INFINITE_RECURSION = YES;
				CLANG_WARN_INT_CONVERSION = YES;
				CLANG_WARN_NON_LITERAL_NULL_CONVERSION = YES;
				CLANG_WARN_OBJC_IMPLICIT_RETAIN_SELF = YES;
				CLANG_WARN_OBJC_LITERAL_CONVERSION = YES;
				CLANG_WARN_OBJC_ROOT_CLASS = YES_ERROR;
				CLANG_WARN_RANGE_LOOP_ANALYSIS = YES;
				CLANG_WARN_STRICT_PROTOTYPES = YES;
				CLANG_WARN_SUSPICIOUS_MOVE = YES;
				CLANG_WARN_UNGUARDED_AVAILABILITY = YES_AGGRESSIVE;
				CLANG_WARN_UNREACHABLE_CODE = YES;
				CLANG_WARN__DUPLICATE_METHOD_MATCH = YES;
				CODE_SIGN_IDENTITY = "iPhone Developer";
				COPY_PHASE_STRIP = NO;
				DEBUG_INFORMATION_FORMAT = dwarf;
				ENABLE_STRICT_OBJC_MSGSEND = YES;
				ENABLE_TESTABILITY = YES;
				GCC_C_LANGUAGE_STANDARD = gnu11;
				GCC_DYNAMIC_NO_PIC = NO;
				GCC_NO_COMMON_BLOCKS = YES;
				GCC_OPTIMIZATION_LEVEL = 0;
				GCC_PREPROCESSOR_DEFINITIONS = (
					"DEBUG=1",
					"$(inherited)",
				);
				GCC_WARN_64_TO_32_BIT_CONVERSION = YES;
				GCC_WARN_ABOUT_RETURN_TYPE = YES_ERROR;
				GCC_WARN_UNDECLARED_SELECTOR = YES;
				GCC_WARN_UNINITIALIZED_AUTOS = YES_AGGRESSIVE;
				GCC_WARN_UNUSED_FUNCTION = YES;
				GCC_WARN_UNUSED_VARIABLE = YES;
				IPHONEOS_DEPLOYMENT_TARGET = 12.1;
				MTL_ENABLE_DEBUG_INFO = INCLUDE_SOURCE;
				MTL_FAST_MATH = YES;
				ONLY_ACTIVE_ARCH = YES;
				SDKROOT = iphoneos;
				SWIFT_ACTIVE_COMPILATION_CONDITIONS = DEBUG;
				SWIFT_OPTIMIZATION_LEVEL = "-Onone";
			};
			name = Debug;
		};
		FAFF8313218CEB6D00882A6A /* Release */ = {
			isa = XCBuildConfiguration;
			buildSettings = {
				ALWAYS_SEARCH_USER_PATHS = NO;
				CLANG_ANALYZER_NONNULL = YES;
				CLANG_ANALYZER_NUMBER_OBJECT_CONVERSION = YES_AGGRESSIVE;
				CLANG_CXX_LANGUAGE_STANDARD = "gnu++14";
				CLANG_CXX_LIBRARY = "libc++";
				CLANG_ENABLE_MODULES = YES;
				CLANG_ENABLE_OBJC_ARC = YES;
				CLANG_ENABLE_OBJC_WEAK = YES;
				CLANG_WARN_BLOCK_CAPTURE_AUTORELEASING = YES;
				CLANG_WARN_BOOL_CONVERSION = YES;
				CLANG_WARN_COMMA = YES;
				CLANG_WARN_CONSTANT_CONVERSION = YES;
				CLANG_WARN_DEPRECATED_OBJC_IMPLEMENTATIONS = YES;
				CLANG_WARN_DIRECT_OBJC_ISA_USAGE = YES_ERROR;
				CLANG_WARN_DOCUMENTATION_COMMENTS = YES;
				CLANG_WARN_EMPTY_BODY = YES;
				CLANG_WARN_ENUM_CONVERSION = YES;
				CLANG_WARN_INFINITE_RECURSION = YES;
				CLANG_WARN_INT_CONVERSION = YES;
				CLANG_WARN_NON_LITERAL_NULL_CONVERSION = YES;
				CLANG_WARN_OBJC_IMPLICIT_RETAIN_SELF = YES;
				CLANG_WARN_OBJC_LITERAL_CONVERSION = YES;
				CLANG_WARN_OBJC_ROOT_CLASS = YES_ERROR;
				CLANG_WARN_RANGE_LOOP_ANALYSIS = YES;
				CLANG_WARN_STRICT_PROTOTYPES = YES;
				CLANG_WARN_SUSPICIOUS_MOVE = YES;
				CLANG_WARN_UNGUARDED_AVAILABILITY = YES_AGGRESSIVE;
				CLANG_WARN_UNREACHABLE_CODE = YES;
				CLANG_WARN__DUPLICATE_METHOD_MATCH = YES;
				CODE_SIGN_IDENTITY = "iPhone Developer";
				COPY_PHASE_STRIP = NO;
				DEBUG_INFORMATION_FORMAT = "dwarf-with-dsym";
				ENABLE_NS_ASSERTIONS = NO;
				ENABLE_STRICT_OBJC_MSGSEND = YES;
				GCC_C_LANGUAGE_STANDARD = gnu11;
				GCC_NO_COMMON_BLOCKS = YES;
				GCC_WARN_64_TO_32_BIT_CONVERSION = YES;
				GCC_WARN_ABOUT_RETURN_TYPE = YES_ERROR;
				GCC_WARN_UNDECLARED_SELECTOR = YES;
				GCC_WARN_UNINITIALIZED_AUTOS = YES_AGGRESSIVE;
				GCC_WARN_UNUSED_FUNCTION = YES;
				GCC_WARN_UNUSED_VARIABLE = YES;
				IPHONEOS_DEPLOYMENT_TARGET = 12.1;
				MTL_ENABLE_DEBUG_INFO = NO;
				MTL_FAST_MATH = YES;
				SDKROOT = iphoneos;
				SWIFT_COMPILATION_MODE = wholemodule;
				SWIFT_OPTIMIZATION_LEVEL = "-O";
				VALIDATE_PRODUCT = YES;
			};
			name = Release;
		};
		FAFF8315218CEB6D00882A6A /* Debug */ = {
			isa = XCBuildConfiguration;
			baseConfigurationReference = 6847BD8DB3712F94D9BA0552 /* Pods-Podcast.debug.xcconfig */;
			buildSettings = {
				ASSETCATALOG_COMPILER_APPICON_NAME = AppIcon;
				CLANG_ENABLE_MODULES = YES;
				CODE_SIGN_ENTITLEMENTS = Podcast/Podcast.entitlements;
				CODE_SIGN_IDENTITY = "iPhone Developer";
				CODE_SIGN_STYLE = Automatic;
				DEVELOPMENT_TEAM = WF36QP22R7;
				INFOPLIST_FILE = Podcast/Info.plist;
				IPHONEOS_DEPLOYMENT_TARGET = 12.0;
				LD_RUNPATH_SEARCH_PATHS = (
					"$(inherited)",
					"@executable_path/Frameworks",
				);
				PRODUCT_BUNDLE_IDENTIFIER = fm.sharecast.Podcast121119;
				PRODUCT_NAME = "$(TARGET_NAME)";
				PROVISIONING_PROFILE_SPECIFIER = "";
				SWIFT_ENFORCE_EXCLUSIVE_ACCESS = none;
				SWIFT_OBJC_BRIDGING_HEADER = "Podcast/Extensions/Podcast-Bridging-Header.h";
				SWIFT_OPTIMIZATION_LEVEL = "-Onone";
				SWIFT_VERSION = 4.2;
				TARGETED_DEVICE_FAMILY = "1,2";
			};
			name = Debug;
		};
		FAFF8316218CEB6D00882A6A /* Release */ = {
			isa = XCBuildConfiguration;
			baseConfigurationReference = CF9AB54079E0B319EAB460DF /* Pods-Podcast.release.xcconfig */;
			buildSettings = {
				ASSETCATALOG_COMPILER_APPICON_NAME = AppIcon;
				CLANG_ENABLE_MODULES = YES;
				CODE_SIGN_ENTITLEMENTS = Podcast/Podcast.entitlements;
				CODE_SIGN_IDENTITY = "iPhone Developer";
				CODE_SIGN_STYLE = Automatic;
				DEVELOPMENT_TEAM = WF36QP22R7;
				INFOPLIST_FILE = Podcast/Info.plist;
				IPHONEOS_DEPLOYMENT_TARGET = 12.0;
				LD_RUNPATH_SEARCH_PATHS = (
					"$(inherited)",
					"@executable_path/Frameworks",
				);
				PRODUCT_BUNDLE_IDENTIFIER = fm.sharecast.Podcast121119;
				PRODUCT_NAME = "$(TARGET_NAME)";
				PROVISIONING_PROFILE_SPECIFIER = "";
				SWIFT_ENFORCE_EXCLUSIVE_ACCESS = none;
				SWIFT_OBJC_BRIDGING_HEADER = "Podcast/Extensions/Podcast-Bridging-Header.h";
				SWIFT_VERSION = 4.2;
				TARGETED_DEVICE_FAMILY = "1,2";
			};
			name = Release;
		};
		FAFF8318218CEB6D00882A6A /* Debug */ = {
			isa = XCBuildConfiguration;
			buildSettings = {
				ALWAYS_EMBED_SWIFT_STANDARD_LIBRARIES = YES;
				BUNDLE_LOADER = "$(TEST_HOST)";
				CODE_SIGN_STYLE = Automatic;
				DEVELOPMENT_TEAM = 2NJP2H88TQ;
				INFOPLIST_FILE = PodcastTests/Info.plist;
				LD_RUNPATH_SEARCH_PATHS = (
					"$(inherited)",
					"@executable_path/Frameworks",
					"@loader_path/Frameworks",
				);
				PRODUCT_BUNDLE_IDENTIFIER = fm.sharecast.PodcastTests;
				PRODUCT_NAME = "$(TARGET_NAME)";
				SWIFT_VERSION = 4.2;
				TARGETED_DEVICE_FAMILY = "1,2";
				TEST_HOST = "$(BUILT_PRODUCTS_DIR)/Podcast.app/Podcast";
			};
			name = Debug;
		};
		FAFF8319218CEB6D00882A6A /* Release */ = {
			isa = XCBuildConfiguration;
			buildSettings = {
				ALWAYS_EMBED_SWIFT_STANDARD_LIBRARIES = YES;
				BUNDLE_LOADER = "$(TEST_HOST)";
				CODE_SIGN_STYLE = Automatic;
				DEVELOPMENT_TEAM = 2NJP2H88TQ;
				INFOPLIST_FILE = PodcastTests/Info.plist;
				LD_RUNPATH_SEARCH_PATHS = (
					"$(inherited)",
					"@executable_path/Frameworks",
					"@loader_path/Frameworks",
				);
				PRODUCT_BUNDLE_IDENTIFIER = fm.sharecast.PodcastTests;
				PRODUCT_NAME = "$(TARGET_NAME)";
				SWIFT_VERSION = 4.2;
				TARGETED_DEVICE_FAMILY = "1,2";
				TEST_HOST = "$(BUILT_PRODUCTS_DIR)/Podcast.app/Podcast";
			};
			name = Release;
		};
		FAFF831B218CEB6D00882A6A /* Debug */ = {
			isa = XCBuildConfiguration;
			buildSettings = {
				ALWAYS_EMBED_SWIFT_STANDARD_LIBRARIES = YES;
				CODE_SIGN_STYLE = Automatic;
				DEVELOPMENT_TEAM = 2NJP2H88TQ;
				INFOPLIST_FILE = PodcastUITests/Info.plist;
				LD_RUNPATH_SEARCH_PATHS = (
					"$(inherited)",
					"@executable_path/Frameworks",
					"@loader_path/Frameworks",
				);
				PRODUCT_BUNDLE_IDENTIFIER = fm.sharecast.PodcastUITests;
				PRODUCT_NAME = "$(TARGET_NAME)";
				SWIFT_VERSION = 4.2;
				TARGETED_DEVICE_FAMILY = "1,2";
				TEST_TARGET_NAME = Podcast;
			};
			name = Debug;
		};
		FAFF831C218CEB6D00882A6A /* Release */ = {
			isa = XCBuildConfiguration;
			buildSettings = {
				ALWAYS_EMBED_SWIFT_STANDARD_LIBRARIES = YES;
				CODE_SIGN_STYLE = Automatic;
				DEVELOPMENT_TEAM = 2NJP2H88TQ;
				INFOPLIST_FILE = PodcastUITests/Info.plist;
				LD_RUNPATH_SEARCH_PATHS = (
					"$(inherited)",
					"@executable_path/Frameworks",
					"@loader_path/Frameworks",
				);
				PRODUCT_BUNDLE_IDENTIFIER = fm.sharecast.PodcastUITests;
				PRODUCT_NAME = "$(TARGET_NAME)";
				SWIFT_VERSION = 4.2;
				TARGETED_DEVICE_FAMILY = "1,2";
				TEST_TARGET_NAME = Podcast;
			};
			name = Release;
		};
/* End XCBuildConfiguration section */

/* Begin XCConfigurationList section */
		FAFF82E4218CEB6400882A6A /* Build configuration list for PBXProject "Podcast" */ = {
			isa = XCConfigurationList;
			buildConfigurations = (
				FAFF8312218CEB6D00882A6A /* Debug */,
				FAFF8313218CEB6D00882A6A /* Release */,
			);
			defaultConfigurationIsVisible = 0;
			defaultConfigurationName = Release;
		};
		FAFF8314218CEB6D00882A6A /* Build configuration list for PBXNativeTarget "Podcast" */ = {
			isa = XCConfigurationList;
			buildConfigurations = (
				FAFF8315218CEB6D00882A6A /* Debug */,
				FAFF8316218CEB6D00882A6A /* Release */,
			);
			defaultConfigurationIsVisible = 0;
			defaultConfigurationName = Release;
		};
		FAFF8317218CEB6D00882A6A /* Build configuration list for PBXNativeTarget "PodcastTests" */ = {
			isa = XCConfigurationList;
			buildConfigurations = (
				FAFF8318218CEB6D00882A6A /* Debug */,
				FAFF8319218CEB6D00882A6A /* Release */,
			);
			defaultConfigurationIsVisible = 0;
			defaultConfigurationName = Release;
		};
		FAFF831A218CEB6D00882A6A /* Build configuration list for PBXNativeTarget "PodcastUITests" */ = {
			isa = XCConfigurationList;
			buildConfigurations = (
				FAFF831B218CEB6D00882A6A /* Debug */,
				FAFF831C218CEB6D00882A6A /* Release */,
			);
			defaultConfigurationIsVisible = 0;
			defaultConfigurationName = Release;
		};
/* End XCConfigurationList section */
	};
	rootObject = FAFF82E1218CEB6400882A6A /* Project object */;
}
